
Microsoft Visual Studio Solution File, Format Version 12.00
# Visual Studio 15
VisualStudioVersion = 15.0.28307.645
MinimumVisualStudioVersion = 10.0.40219.1
Project("{FAE04EC0-301F-11D3-BF4B-00C04F79EFBC}") = "WheatheroClock", "WheatheroClock\WheatheroClock.csproj", "{29CDF058-9475-40F7-8D7D-23E64A4B34B0}"
EndProject
Global
	GlobalSection(SolutionConfigurationPlatforms) = preSolution
		Debug|Any CPU = Debug|Any CPU
		Release|Any CPU = Release|Any CPU
	EndGlobalSection
	GlobalSection(ProjectConfigurationPlatforms) = postSolution
		{29CDF058-9475-40F7-8D7D-23E64A4B34B0}.Debug|Any CPU.ActiveCfg = Debug|Any CPU
		{29CDF058-9475-40F7-8D7D-23E64A4B34B0}.Debug|Any CPU.Build.0 = Debug|Any CPU
		{29CDF058-9475-40F7-8D7D-23E64A4B34B0}.Release|Any CPU.ActiveCfg = Release|Any CPU
		{29CDF058-9475-40F7-8D7D-23E64A4B34B0}.Release|Any CPU.Build.0 = Release|Any CPU
	EndGlobalSection
	GlobalSection(SolutionProperties) = preSolution
		HideSolutionNode = FALSE
	EndGlobalSection
	GlobalSection(ExtensibilityGlobals) = postSolution
		SolutionGuid = {95676CAE-9DB7-4202-A86D-183AD9C9A7E7}
	EndGlobalSection
EndGlobal
